// !$*UTF8*$!
{
	archiveVersion = 1;
	classes = {
	};
	objectVersion = 50;
	objects = {

/* Begin PBXBuildFile section */
		E108CEDE25175F98003A9658 /* AppDelegate.swift in Sources */ = {isa = PBXBuildFile; fileRef = E108CEDD25175F98003A9658 /* AppDelegate.swift */; };
		E108CEE025175F98003A9658 /* SceneDelegate.swift in Sources */ = {isa = PBXBuildFile; fileRef = E108CEDF25175F98003A9658 /* SceneDelegate.swift */; };
		E108CEE225175F98003A9658 /* ViewController.swift in Sources */ = {isa = PBXBuildFile; fileRef = E108CEE125175F98003A9658 /* ViewController.swift */; };
		E108CEE525175F98003A9658 /* Main.storyboard in Resources */ = {isa = PBXBuildFile; fileRef = E108CEE325175F98003A9658 /* Main.storyboard */; };
		E108CEE825175F98003A9658 /* CoreDataDemo_swift.xcdatamodeld in Sources */ = {isa = PBXBuildFile; fileRef = E108CEE625175F98003A9658 /* CoreDataDemo_swift.xcdatamodeld */; };
		E108CEEA25175F9A003A9658 /* Assets.xcassets in Resources */ = {isa = PBXBuildFile; fileRef = E108CEE925175F9A003A9658 /* Assets.xcassets */; };
		E108CEED25175F9A003A9658 /* LaunchScreen.storyboard in Resources */ = {isa = PBXBuildFile; fileRef = E108CEEB25175F9A003A9658 /* LaunchScreen.storyboard */; };
		E108CEF62517695E003A9658 /* CoreDataConnect.swift in Sources */ = {isa = PBXBuildFile; fileRef = E108CEF52517695E003A9658 /* CoreDataConnect.swift */; };
/* End PBXBuildFile section */

/* Begin PBXFileReference section */
		E108CEDA25175F98003A9658 /* CoreDataDemo_swift.app */ = {isa = PBXFileReference; explicitFileType = wrapper.application; includeInIndex = 0; path = CoreDataDemo_swift.app; sourceTree = BUILT_PRODUCTS_DIR; };
		E108CEDD25175F98003A9658 /* AppDelegate.swift */ = {isa = PBXFileReference; lastKnownFileType = sourcecode.swift; path = AppDelegate.swift; sourceTree = "<group>"; };
		E108CEDF25175F98003A9658 /* SceneDelegate.swift */ = {isa = PBXFileReference; lastKnownFileType = sourcecode.swift; path = SceneDelegate.swift; sourceTree = "<group>"; };
		E108CEE125175F98003A9658 /* ViewController.swift */ = {isa = PBXFileReference; lastKnownFileType = sourcecode.swift; path = ViewController.swift; sourceTree = "<group>"; };
		E108CEE425175F98003A9658 /* Base */ = {isa = PBXFileReference; lastKnownFileType = file.storyboard; name = Base; path = Base.lproj/Main.storyboard; sourceTree = "<group>"; };
		E108CEE725175F98003A9658 /* CoreDataDemo_swift.xcdatamodel */ = {isa = PBXFileReference; lastKnownFileType = wrapper.xcdatamodel; path = CoreDataDemo_swift.xcdatamodel; sourceTree = "<group>"; };
		E108CEE925175F9A003A9658 /* Assets.xcassets */ = {isa = PBXFileReference; lastKnownFileType = folder.assetcatalog; path = Assets.xcassets; sourceTree = "<group>"; };
		E108CEEC25175F9A003A9658 /* Base */ = {isa = PBXFileReference; lastKnownFileType = file.storyboard; name = Base; path = Base.lproj/LaunchScreen.storyboard; sourceTree = "<group>"; };
		E108CEEE25175F9A003A9658 /* Info.plist */ = {isa = PBXFileReference; lastKnownFileType = text.plist.xml; path = Info.plist; sourceTree = "<group>"; };
		E108CEF52517695E003A9658 /* CoreDataConnect.swift */ = {isa = PBXFileReference; lastKnownFileType = sourcecode.swift; path = CoreDataConnect.swift; sourceTree = "<group>"; };
/* End PBXFileReference section */

/* Begin PBXFrameworksBuildPhase section */
		E108CED725175F98003A9658 /* Frameworks */ = {
			isa = PBXFrameworksBuildPhase;
			buildActionMask = 2147483647;
			files = (
			);
			runOnlyForDeploymentPostprocessing = 0;
		};
/* End PBXFrameworksBuildPhase section */

/* Begin PBXGroup section */
		E108CED125175F98003A9658 = {
			isa = PBXGroup;
			children = (
				E108CEDC25175F98003A9658 /* CoreDataDemo_swift */,
				E108CEDB25175F98003A9658 /* Products */,
			);
			sourceTree = "<group>";
		};
		E108CEDB25175F98003A9658 /* Products */ = {
			isa = PBXGroup;
			children = (
				E108CEDA25175F98003A9658 /* CoreDataDemo_swift.app */,
			);
			name = Products;
			sourceTree = "<group>";
		};
		E108CEDC25175F98003A9658 /* CoreDataDemo_swift */ = {
			isa = PBXGroup;
			children = (
				E108CEF425176956003A9658 /* Tool */,
				E108CEDD25175F98003A9658 /* AppDelegate.swift */,
				E108CEDF25175F98003A9658 /* SceneDelegate.swift */,
				E108CEE125175F98003A9658 /* ViewController.swift */,
				E108CEE325175F98003A9658 /* Main.storyboard */,
				E108CEE925175F9A003A9658 /* Assets.xcassets */,
				E108CEEB25175F9A003A9658 /* LaunchScreen.storyboard */,
				E108CEEE25175F9A003A9658 /* Info.plist */,
				E108CEE625175F98003A9658 /* CoreDataDemo_swift.xcdatamodeld */,
			);
			path = CoreDataDemo_swift;
			sourceTree = "<group>";
		};
		E108CEF425176956003A9658 /* Tool */ = {
			isa = PBXGroup;
			children = (
				E108CEF52517695E003A9658 /* CoreDataConnect.swift */,
			);
			path = Tool;
			sourceTree = "<group>";
		};
/* End PBXGroup section */

/* Begin PBXNativeTarget section */
		E108CED925175F98003A9658 /* CoreDataDemo_swift */ = {
			isa = PBXNativeTarget;
			buildConfigurationList = E108CEF125175F9A003A9658 /* Build configuration list for PBXNativeTarget "CoreDataDemo_swift" */;
			buildPhases = (
				E108CED625175F98003A9658 /* Sources */,
				E108CED725175F98003A9658 /* Frameworks */,
				E108CED825175F98003A9658 /* Resources */,
			);
			buildRules = (
			);
			dependencies = (
			);
			name = CoreDataDemo_swift;
			productName = CoreDataDemo_swift;
			productReference = E108CEDA25175F98003A9658 /* CoreDataDemo_swift.app */;
			productType = "com.apple.product-type.application";
		};
/* End PBXNativeTarget section */

/* Begin PBXProject section */
		E108CED225175F98003A9658 /* Project object */ = {
			isa = PBXProject;
			attributes = {
				LastSwiftUpdateCheck = 1160;
				LastUpgradeCheck = 1160;
				ORGANIZATIONNAME = KentSun;
				TargetAttributes = {
					E108CED925175F98003A9658 = {
						CreatedOnToolsVersion = 11.6;
					};
				};
			};
			buildConfigurationList = E108CED525175F98003A9658 /* Build configuration list for PBXProject "CoreDataDemo_swift" */;
			compatibilityVersion = "Xcode 9.3";
			developmentRegion = en;
			hasScannedForEncodings = 0;
			knownRegions = (
				en,
				Base,
			);
			mainGroup = E108CED125175F98003A9658;
			productRefGroup = E108CEDB25175F98003A9658 /* Products */;
			projectDirPath = "";
			projectRoot = "";
			targets = (
				E108CED925175F98003A9658 /* CoreDataDemo_swift */,
			);
		};
/* End PBXProject section */

/* Begin PBXResourcesBuildPhase section */
		E108CED825175F98003A9658 /* Resources */ = {
			isa = PBXResourcesBuildPhase;
			buildActionMask = 2147483647;
			files = (
				E108CEED25175F9A003A9658 /* LaunchScreen.storyboard in Resources */,
				E108CEEA25175F9A003A9658 /* Assets.xcassets in Resources */,
				E108CEE525175F98003A9658 /* Main.storyboard in Resources */,
			);
			runOnlyForDeploymentPostprocessing = 0;
		};
/* End PBXResourcesBuildPhase section */

/* Begin PBXSourcesBuildPhase section */
		E108CED625175F98003A9658 /* Sources */ = {
			isa = PBXSourcesBuildPhase;
			buildActionMask = 2147483647;
			files = (
				E108CEE225175F98003A9658 /* ViewController.swift in Sources */,
				E108CEDE25175F98003A9658 /* AppDelegate.swift in Sources */,
				E108CEE025175F98003A9658 /* SceneDelegate.swift in Sources */,
				E108CEE825175F98003A9658 /* CoreDataDemo_swift.xcdatamodeld in Sources */,
				E108CEF62517695E003A9658 /* CoreDataConnect.swift in Sources */,
			);
			runOnlyForDeploymentPostprocessing = 0;
		};
/* End PBXSourcesBuildPhase section */

/* Begin PBXVariantGroup section */
		E108CEE325175F98003A9658 /* Main.storyboard */ = {
			isa = PBXVariantGroup;
			children = (
				E108CEE425175F98003A9658 /* Base */,
			);
			name = Main.storyboard;
			sourceTree = "<group>";
		};
		E108CEEB25175F9A003A9658 /* LaunchScreen.storyboard */ = {
			isa = PBXVariantGroup;
			children = (
				E108CEEC25175F9A003A9658 /* Base */,
			);
			name = LaunchScreen.storyboard;
			sourceTree = "<group>";
		};
/* End PBXVariantGroup section */

/* Begin XCBuildConfiguration section */
		E108CEEF25175F9A003A9658 /* Debug */ = {
			isa = XCBuildConfiguration;
			buildSettings = {
				ALWAYS_SEARCH_USER_PATHS = NO;
				CLANG_ANALYZER_NONNULL = YES;
				CLANG_ANALYZER_NUMBER_OBJECT_CONVERSION = YES_AGGRESSIVE;
				CLANG_CXX_LANGUAGE_STANDARD = "gnu++14";
				CLANG_CXX_LIBRARY = "libc++";
				CLANG_ENABLE_MODULES = YES;
				CLANG_ENABLE_OBJC_ARC = YES;
				CLANG_ENABLE_OBJC_WEAK = YES;
				CLANG_WARN_BLOCK_CAPTURE_AUTORELEASING = YES;
				CLANG_WARN_BOOL_CONVERSION = YES;
				CLANG_WARN_COMMA = YES;
				CLANG_WARN_CONSTANT_CONVERSION = YES;
				CLANG_WARN_DEPRECATED_OBJC_IMPLEMENTATIONS = YES;
				CLANG_WARN_DIRECT_OBJC_ISA_USAGE = YES_ERROR;
				CLANG_WARN_DOCUMENTATION_COMMENTS = YES;
				CLANG_WARN_EMPTY_BODY = YES;
				CLANG_WARN_ENUM_CONVERSION = YES;
				CLANG_WARN_INFINITE_RECURSION = YES;
				CLANG_WARN_INT_CONVERSION = YES;
				CLANG_WARN_NON_LITERAL_NULL_CONVERSION = YES;
				CLANG_WARN_OBJC_IMPLICIT_RETAIN_SELF = YES;
				CLANG_WARN_OBJC_LITERAL_CONVERSION = YES;
				CLANG_WARN_OBJC_ROOT_CLASS = YES_ERROR;
				CLANG_WARN_RANGE_LOOP_ANALYSIS = YES;
				CLANG_WARN_STRICT_PROTOTYPES = YES;
				CLANG_WARN_SUSPICIOUS_MOVE = YES;
				CLANG_WARN_UNGUARDED_AVAILABILITY = YES_AGGRESSIVE;
				CLANG_WARN_UNREACHABLE_CODE = YES;
				CLANG_WARN__DUPLICATE_METHOD_MATCH = YES;
				COPY_PHASE_STRIP = NO;
				DEBUG_INFORMATION_FORMAT = dwarf;
				ENABLE_STRICT_OBJC_MSGSEND = YES;
				ENABLE_TESTABILITY = YES;
				GCC_C_LANGUAGE_STANDARD = gnu11;
				GCC_DYNAMIC_NO_PIC = NO;
				GCC_NO_COMMON_BLOCKS = YES;
				GCC_OPTIMIZATION_LEVEL = 0;
				GCC_PREPROCESSOR_DEFINITIONS = (
					"DEBUG=1",
					"$(inherited)",
				);
				GCC_WARN_64_TO_32_BIT_CONVERSION = YES;
				GCC_WARN_ABOUT_RETURN_TYPE = YES_ERROR;
				GCC_WARN_UNDECLARED_SELECTOR = YES;
				GCC_WARN_UNINITIALIZED_AUTOS = YES_AGGRESSIVE;
				GCC_WARN_UNUSED_FUNCTION = YES;
				GCC_WARN_UNUSED_VARIABLE = YES;
				IPHONEOS_DEPLOYMENT_TARGET = 13.6;
				MTL_ENABLE_DEBUG_INFO = INCLUDE_SOURCE;
				MTL_FAST_MATH = YES;
				ONLY_ACTIVE_ARCH = YES;
				SDKROOT = iphoneos;
				SWIFT_ACTIVE_COMPILATION_CONDITIONS = DEBUG;
				SWIFT_OPTIMIZATION_LEVEL = "-Onone";
			};
			name = Debug;
		};
		E108CEF025175F9A003A9658 /* Release */ = {
			isa = XCBuildConfiguration;
			buildSettings = {
				ALWAYS_SEARCH_USER_PATHS = NO;
				CLANG_ANALYZER_NONNULL = YES;
				CLANG_ANALYZER_NUMBER_OBJECT_CONVERSION = YES_AGGRESSIVE;
				CLANG_CXX_LANGUAGE_STANDARD = "gnu++14";
				CLANG_CXX_LIBRARY = "libc++";
				CLANG_ENABLE_MODULES = YES;
				CLANG_ENABLE_OBJC_ARC = YES;
				CLANG_ENABLE_OBJC_WEAK = YES;
				CLANG_WARN_BLOCK_CAPTURE_AUTORELEASING = YES;
				CLANG_WARN_BOOL_CONVERSION = YES;
				CLANG_WARN_COMMA = YES;
				CLANG_WARN_CONSTANT_CONVERSION = YES;
				CLANG_WARN_DEPRECATED_OBJC_IMPLEMENTATIONS = YES;
				CLANG_WARN_DIRECT_OBJC_ISA_USAGE = YES_ERROR;
				CLANG_WARN_DOCUMENTATION_COMMENTS = YES;
				CLANG_WARN_EMPTY_BODY = YES;
				CLANG_WARN_ENUM_CONVERSION = YES;
				CLANG_WARN_INFINITE_RECURSION = YES;
				CLANG_WARN_INT_CONVERSION = YES;
				CLANG_WARN_NON_LITERAL_NULL_CONVERSION = YES;
				CLANG_WARN_OBJC_IMPLICIT_RETAIN_SELF = YES;
				CLANG_WARN_OBJC_LITERAL_CONVERSION = YES;
				CLANG_WARN_OBJC_ROOT_CLASS = YES_ERROR;
				CLANG_WARN_RANGE_LOOP_ANALYSIS = YES;
				CLANG_WARN_STRICT_PROTOTYPES = YES;
				CLANG_WARN_SUSPICIOUS_MOVE = YES;
				CLANG_WARN_UNGUARDED_AVAILABILITY = YES_AGGRESSIVE;
				CLANG_WARN_UNREACHABLE_CODE = YES;
				CLANG_WARN__DUPLICATE_METHOD_MATCH = YES;
				COPY_PHASE_STRIP = NO;
				DEBUG_INFORMATION_FORMAT = "dwarf-with-dsym";
				ENABLE_NS_ASSERTIONS = NO;
				ENABLE_STRICT_OBJC_MSGSEND = YES;
				GCC_C_LANGUAGE_STANDARD = gnu11;
				GCC_NO_COMMON_BLOCKS = YES;
				GCC_WARN_64_TO_32_BIT_CONVERSION = YES;
				GCC_WARN_ABOUT_RETURN_TYPE = YES_ERROR;
				GCC_WARN_UNDECLARED_SELECTOR = YES;
				GCC_WARN_UNINITIALIZED_AUTOS = YES_AGGRESSIVE;
				GCC_WARN_UNUSED_FUNCTION = YES;
				GCC_WARN_UNUSED_VARIABLE = YES;
				IPHONEOS_DEPLOYMENT_TARGET = 13.6;
				MTL_ENABLE_DEBUG_INFO = NO;
				MTL_FAST_MATH = YES;
				SDKROOT = iphoneos;
				SWIFT_COMPILATION_MODE = wholemodule;
				SWIFT_OPTIMIZATION_LEVEL = "-O";
				VALIDATE_PRODUCT = YES;
			};
			name = Release;
		};
		E108CEF225175F9A003A9658 /* Debug */ = {
			isa = XCBuildConfiguration;
			buildSettings = {
				ASSETCATALOG_COMPILER_APPICON_NAME = AppIcon;
				CODE_SIGN_STYLE = Automatic;
				DEVELOPMENT_TEAM = N6GT7P4WQU;
				INFOPLIST_FILE = CoreDataDemo_swift/Info.plist;
				IPHONEOS_DEPLOYMENT_TARGET = 11.0;
				LD_RUNPATH_SEARCH_PATHS = (
					"$(inherited)",
					"@executable_path/Frameworks",
				);
				PRODUCT_BUNDLE_IDENTIFIER = "KentSun.CoreDataDemo-swift";
				PRODUCT_NAME = "$(TARGET_NAME)";
				SWIFT_VERSION = 5.0;
				TARGETED_DEVICE_FAMILY = 1;
			};
			name = Debug;
		};
		E108CEF325175F9A003A9658 /* Release */ = {
			isa = XCBuildConfiguration;
			buildSettings = {
				ASSETCATALOG_COMPILER_APPICON_NAME = AppIcon;
				CODE_SIGN_STYLE = Automatic;
				DEVELOPMENT_TEAM = N6GT7P4WQU;
				INFOPLIST_FILE = CoreDataDemo_swift/Info.plist;
				IPHONEOS_DEPLOYMENT_TARGET = 11.0;
				LD_RUNPATH_SEARCH_PATHS = (
					"$(inherited)",
					"@executable_path/Frameworks",
				);
				PRODUCT_BUNDLE_IDENTIFIER = "KentSun.CoreDataDemo-swift";
				PRODUCT_NAME = "$(TARGET_NAME)";
				SWIFT_VERSION = 5.0;
				TARGETED_DEVICE_FAMILY = 1;
			};
			name = Release;
		};
/* End XCBuildConfiguration section */

/* Begin XCConfigurationList section */
		E108CED525175F98003A9658 /* Build configuration list for PBXProject "CoreDataDemo_swift" */ = {
			isa = XCConfigurationList;
			buildConfigurations = (
				E108CEEF25175F9A003A9658 /* Debug */,
				E108CEF025175F9A003A9658 /* Release */,
			);
			defaultConfigurationIsVisible = 0;
			defaultConfigurationName = Release;
		};
		E108CEF125175F9A003A9658 /* Build configuration list for PBXNativeTarget "CoreDataDemo_swift" */ = {
			isa = XCConfigurationList;
			buildConfigurations = (
				E108CEF225175F9A003A9658 /* Debug */,
				E108CEF325175F9A003A9658 /* Release */,
			);
			defaultConfigurationIsVisible = 0;
			defaultConfigurationName = Release;
		};
/* End XCConfigurationList section */

/* Begin XCVersionGroup section */
		E108CEE625175F98003A9658 /* CoreDataDemo_swift.xcdatamodeld */ = {
			isa = XCVersionGroup;
			children = (
				E108CEE725175F98003A9658 /* CoreDataDemo_swift.xcdatamodel */,
			);
			currentVersion = E108CEE725175F98003A9658 /* CoreDataDemo_swift.xcdatamodel */;
			path = CoreDataDemo_swift.xcdatamodeld;
			sourceTree = "<group>";
			versionGroupType = wrapper.xcdatamodel;
		};
/* End XCVersionGroup section */
	};
	rootObject = E108CED225175F98003A9658 /* Project object */;
}
